// !$*UTF8*$!
{
	archiveVersion = 1;
	classes = {
	};
	objectVersion = 46;
	objects = {

/* Begin PBXBuildFile section */
		6B69F766608179F099ABA52F /* libPods.a in Frameworks */ = {isa = PBXBuildFile; fileRef = 7F69371236C9374039E1D067 /* libPods.a */; };
		ED0E587319AD8F4D0008C4F0 /* MLNavigationController.m in Sources */ = {isa = PBXBuildFile; fileRef = ED0E587219AD8F4D0008C4F0 /* MLNavigationController.m */; settings = {COMPILER_FLAGS = "-fno-objc-arc"; }; };
		ED0E587619ADBCCB0008C4F0 /* PlayVideoViewController.m in Sources */ = {isa = PBXBuildFile; fileRef = ED0E587519ADBCCB0008C4F0 /* PlayVideoViewController.m */; };
		ED0E587C19ADC97B0008C4F0 /* VideoViewController.m in Sources */ = {isa = PBXBuildFile; fileRef = ED0E587B19ADC97B0008C4F0 /* VideoViewController.m */; };
		ED13BFED1A1CBF07005444AA /* AFServer.m in Sources */ = {isa = PBXBuildFile; fileRef = ED13BFEC1A1CBF07005444AA /* AFServer.m */; };
		ED1FDE5B1A888D43003F9C87 /* Button+Block.m in Sources */ = {isa = PBXBuildFile; fileRef = ED1FDE5A1A888D43003F9C87 /* Button+Block.m */; settings = {COMPILER_FLAGS = "-fno-objc-arc"; }; };
		ED1FDE5E1A889F12003F9C87 /* UIView+Common.m in Sources */ = {isa = PBXBuildFile; fileRef = ED1FDE5D1A889F12003F9C87 /* UIView+Common.m */; };
		ED54426E19A71C72004D44D3 /* BaseViewController.m in Sources */ = {isa = PBXBuildFile; fileRef = ED54426D19A71C72004D44D3 /* BaseViewController.m */; };
		ED54427119A71C97004D44D3 /* HomeViewController.m in Sources */ = {isa = PBXBuildFile; fileRef = ED54427019A71C97004D44D3 /* HomeViewController.m */; };
		ED5442A219A722F1004D44D3 /* placeholder.png in Resources */ = {isa = PBXBuildFile; fileRef = ED5442A119A722F1004D44D3 /* placeholder.png */; };
		ED5442DA19A7415D004D44D3 /* QuartzCore.framework in Frameworks */ = {isa = PBXBuildFile; fileRef = ED5442D919A7415D004D44D3 /* QuartzCore.framework */; };
		ED66F94319A70DC20027953A /* Foundation.framework in Frameworks */ = {isa = PBXBuildFile; fileRef = ED66F94219A70DC20027953A /* Foundation.framework */; };
		ED66F94519A70DC20027953A /* CoreGraphics.framework in Frameworks */ = {isa = PBXBuildFile; fileRef = ED66F94419A70DC20027953A /* CoreGraphics.framework */; };
		ED66F94719A70DC20027953A /* UIKit.framework in Frameworks */ = {isa = PBXBuildFile; fileRef = ED66F94619A70DC20027953A /* UIKit.framework */; };
		ED66F94D19A70DC20027953A /* InfoPlist.strings in Resources */ = {isa = PBXBuildFile; fileRef = ED66F94B19A70DC20027953A /* InfoPlist.strings */; };
		ED66F94F19A70DC20027953A /* main.m in Sources */ = {isa = PBXBuildFile; fileRef = ED66F94E19A70DC20027953A /* main.m */; };
		ED66F95319A70DC20027953A /* AppDelegate.m in Sources */ = {isa = PBXBuildFile; fileRef = ED66F95219A70DC20027953A /* AppDelegate.m */; };
		ED66F96119A70DC20027953A /* Images.xcassets in Resources */ = {isa = PBXBuildFile; fileRef = ED66F96019A70DC20027953A /* Images.xcassets */; };
		ED66F96819A70DC20027953A /* XCTest.framework in Frameworks */ = {isa = PBXBuildFile; fileRef = ED66F96719A70DC20027953A /* XCTest.framework */; };
		ED66F96919A70DC20027953A /* Foundation.framework in Frameworks */ = {isa = PBXBuildFile; fileRef = ED66F94219A70DC20027953A /* Foundation.framework */; };
		ED66F96A19A70DC20027953A /* UIKit.framework in Frameworks */ = {isa = PBXBuildFile; fileRef = ED66F94619A70DC20027953A /* UIKit.framework */; };
		ED66F97219A70DC20027953A /* InfoPlist.strings in Resources */ = {isa = PBXBuildFile; fileRef = ED66F97019A70DC20027953A /* InfoPlist.strings */; };
		ED66F97419A70DC20027953A /* TalkShowTests.m in Sources */ = {isa = PBXBuildFile; fileRef = ED66F97319A70DC20027953A /* TalkShowTests.m */; };
		ED73DF8319AC7128003DEA13 /* libsqlite3.dylib in Frameworks */ = {isa = PBXBuildFile; fileRef = ED73DF8219AC7128003DEA13 /* libsqlite3.dylib */; };
		EDEC766419AAE5EF0022670F /* ImageIO.framework in Frameworks */ = {isa = PBXBuildFile; fileRef = EDEC766319AAE5EF0022670F /* ImageIO.framework */; };
		EDEC769F19AB26BA0022670F /* Victorinox.m in Sources */ = {isa = PBXBuildFile; fileRef = EDEC769E19AB26BA0022670F /* Victorinox.m */; };
/* End PBXBuildFile section */

/* Begin PBXContainerItemProxy section */
		ED66F96B19A70DC20027953A /* PBXContainerItemProxy */ = {
			isa = PBXContainerItemProxy;
			containerPortal = ED66F93719A70DC20027953A /* Project object */;
			proxyType = 1;
			remoteGlobalIDString = ED66F93E19A70DC20027953A;
			remoteInfo = TalkShow;
		};
/* End PBXContainerItemProxy section */

/* Begin PBXFileReference section */
		7F69371236C9374039E1D067 /* libPods.a */ = {isa = PBXFileReference; explicitFileType = archive.ar; includeInIndex = 0; path = libPods.a; sourceTree = BUILT_PRODUCTS_DIR; };
		B167D076AB7D33A4520443AF /* Pods.debug.xcconfig */ = {isa = PBXFileReference; includeInIndex = 1; lastKnownFileType = text.xcconfig; name = Pods.debug.xcconfig; path = "Pods/Target Support Files/Pods/Pods.debug.xcconfig"; sourceTree = "<group>"; };
		C553680BED037C18AF04A534 /* Pods.release.xcconfig */ = {isa = PBXFileReference; includeInIndex = 1; lastKnownFileType = text.xcconfig; name = Pods.release.xcconfig; path = "Pods/Target Support Files/Pods/Pods.release.xcconfig"; sourceTree = "<group>"; };
		ED0E587119AD8F4D0008C4F0 /* MLNavigationController.h */ = {isa = PBXFileReference; fileEncoding = 4; lastKnownFileType = sourcecode.c.h; path = MLNavigationController.h; sourceTree = "<group>"; };
		ED0E587219AD8F4D0008C4F0 /* MLNavigationController.m */ = {isa = PBXFileReference; fileEncoding = 4; lastKnownFileType = sourcecode.c.objc; path = MLNavigationController.m; sourceTree = "<group>"; };
		ED0E587419ADBCCB0008C4F0 /* PlayVideoViewController.h */ = {isa = PBXFileReference; fileEncoding = 4; lastKnownFileType = sourcecode.c.h; path = PlayVideoViewController.h; sourceTree = "<group>"; };
		ED0E587519ADBCCB0008C4F0 /* PlayVideoViewController.m */ = {isa = PBXFileReference; fileEncoding = 4; lastKnownFileType = sourcecode.c.objc; path = PlayVideoViewController.m; sourceTree = "<group>"; };
		ED0E587A19ADC97B0008C4F0 /* VideoViewController.h */ = {isa = PBXFileReference; fileEncoding = 4; lastKnownFileType = sourcecode.c.h; path = VideoViewController.h; sourceTree = "<group>"; };
		ED0E587B19ADC97B0008C4F0 /* VideoViewController.m */ = {isa = PBXFileReference; fileEncoding = 4; lastKnownFileType = sourcecode.c.objc; path = VideoViewController.m; sourceTree = "<group>"; };
		ED13BFEB1A1CBF07005444AA /* AFServer.h */ = {isa = PBXFileReference; fileEncoding = 4; lastKnownFileType = sourcecode.c.h; path = AFServer.h; sourceTree = "<group>"; };
		ED13BFEC1A1CBF07005444AA /* AFServer.m */ = {isa = PBXFileReference; fileEncoding = 4; lastKnownFileType = sourcecode.c.objc; path = AFServer.m; sourceTree = "<group>"; };
		ED1FDE591A888D43003F9C87 /* Button+Block.h */ = {isa = PBXFileReference; fileEncoding = 4; lastKnownFileType = sourcecode.c.h; path = "Button+Block.h"; sourceTree = "<group>"; };
		ED1FDE5A1A888D43003F9C87 /* Button+Block.m */ = {isa = PBXFileReference; fileEncoding = 4; lastKnownFileType = sourcecode.c.objc; path = "Button+Block.m"; sourceTree = "<group>"; };
		ED1FDE5C1A889F12003F9C87 /* UIView+Common.h */ = {isa = PBXFileReference; fileEncoding = 4; lastKnownFileType = sourcecode.c.h; path = "UIView+Common.h"; sourceTree = "<group>"; };
		ED1FDE5D1A889F12003F9C87 /* UIView+Common.m */ = {isa = PBXFileReference; fileEncoding = 4; lastKnownFileType = sourcecode.c.objc; path = "UIView+Common.m"; sourceTree = "<group>"; };
		ED54423019A71148004D44D3 /* ConstHeader.h */ = {isa = PBXFileReference; lastKnownFileType = sourcecode.c.h; path = ConstHeader.h; sourceTree = "<group>"; };
		ED54423119A71184004D44D3 /* ConfigHeader.h */ = {isa = PBXFileReference; lastKnownFileType = sourcecode.c.h; path = ConfigHeader.h; sourceTree = "<group>"; };
		ED54423219A711E8004D44D3 /* IncludeFileHeader.h */ = {isa = PBXFileReference; lastKnownFileType = sourcecode.c.h; path = IncludeFileHeader.h; sourceTree = "<group>"; };
		ED54426C19A71C72004D44D3 /* BaseViewController.h */ = {isa = PBXFileReference; fileEncoding = 4; lastKnownFileType = sourcecode.c.h; path = BaseViewController.h; sourceTree = "<group>"; };
		ED54426D19A71C72004D44D3 /* BaseViewController.m */ = {isa = PBXFileReference; fileEncoding = 4; lastKnownFileType = sourcecode.c.objc; path = BaseViewController.m; sourceTree = "<group>"; };
		ED54426F19A71C97004D44D3 /* HomeViewController.h */ = {isa = PBXFileReference; fileEncoding = 4; lastKnownFileType = sourcecode.c.h; path = HomeViewController.h; sourceTree = "<group>"; };
		ED54427019A71C97004D44D3 /* HomeViewController.m */ = {isa = PBXFileReference; fileEncoding = 4; lastKnownFileType = sourcecode.c.objc; path = HomeViewController.m; sourceTree = "<group>"; };
		ED5442A119A722F1004D44D3 /* placeholder.png */ = {isa = PBXFileReference; lastKnownFileType = image.png; path = placeholder.png; sourceTree = "<group>"; };
		ED5442D919A7415D004D44D3 /* QuartzCore.framework */ = {isa = PBXFileReference; lastKnownFileType = wrapper.framework; name = QuartzCore.framework; path = System/Library/Frameworks/QuartzCore.framework; sourceTree = SDKROOT; };
		ED66F93F19A70DC20027953A /* TalkShow.app */ = {isa = PBXFileReference; explicitFileType = wrapper.application; includeInIndex = 0; path = TalkShow.app; sourceTree = BUILT_PRODUCTS_DIR; };
		ED66F94219A70DC20027953A /* Foundation.framework */ = {isa = PBXFileReference; lastKnownFileType = wrapper.framework; name = Foundation.framework; path = System/Library/Frameworks/Foundation.framework; sourceTree = SDKROOT; };
		ED66F94419A70DC20027953A /* CoreGraphics.framework */ = {isa = PBXFileReference; lastKnownFileType = wrapper.framework; name = CoreGraphics.framework; path = System/Library/Frameworks/CoreGraphics.framework; sourceTree = SDKROOT; };
		ED66F94619A70DC20027953A /* UIKit.framework */ = {isa = PBXFileReference; lastKnownFileType = wrapper.framework; name = UIKit.framework; path = System/Library/Frameworks/UIKit.framework; sourceTree = SDKROOT; };
		ED66F94A19A70DC20027953A /* TalkShow-Info.plist */ = {isa = PBXFileReference; lastKnownFileType = text.plist.xml; path = "TalkShow-Info.plist"; sourceTree = "<group>"; };
		ED66F94C19A70DC20027953A /* en */ = {isa = PBXFileReference; lastKnownFileType = text.plist.strings; name = en; path = en.lproj/InfoPlist.strings; sourceTree = "<group>"; };
		ED66F94E19A70DC20027953A /* main.m */ = {isa = PBXFileReference; lastKnownFileType = sourcecode.c.objc; path = main.m; sourceTree = "<group>"; };
		ED66F95019A70DC20027953A /* TalkShow-Prefix.pch */ = {isa = PBXFileReference; lastKnownFileType = sourcecode.c.h; path = "TalkShow-Prefix.pch"; sourceTree = "<group>"; };
		ED66F95119A70DC20027953A /* AppDelegate.h */ = {isa = PBXFileReference; lastKnownFileType = sourcecode.c.h; path = AppDelegate.h; sourceTree = "<group>"; };
		ED66F95219A70DC20027953A /* AppDelegate.m */ = {isa = PBXFileReference; lastKnownFileType = sourcecode.c.objc; path = AppDelegate.m; sourceTree = "<group>"; };
		ED66F96019A70DC20027953A /* Images.xcassets */ = {isa = PBXFileReference; lastKnownFileType = folder.assetcatalog; path = Images.xcassets; sourceTree = "<group>"; };
		ED66F96619A70DC20027953A /* TalkShowTests.xctest */ = {isa = PBXFileReference; explicitFileType = wrapper.cfbundle; includeInIndex = 0; path = TalkShowTests.xctest; sourceTree = BUILT_PRODUCTS_DIR; };
		ED66F96719A70DC20027953A /* XCTest.framework */ = {isa = PBXFileReference; lastKnownFileType = wrapper.framework; name = XCTest.framework; path = Library/Frameworks/XCTest.framework; sourceTree = DEVELOPER_DIR; };
		ED66F96F19A70DC20027953A /* TalkShowTests-Info.plist */ = {isa = PBXFileReference; lastKnownFileType = text.plist.xml; path = "TalkShowTests-Info.plist"; sourceTree = "<group>"; };
		ED66F97119A70DC20027953A /* en */ = {isa = PBXFileReference; lastKnownFileType = text.plist.strings; name = en; path = en.lproj/InfoPlist.strings; sourceTree = "<group>"; };
		ED66F97319A70DC20027953A /* TalkShowTests.m */ = {isa = PBXFileReference; lastKnownFileType = sourcecode.c.objc; path = TalkShowTests.m; sourceTree = "<group>"; };
		ED73DF8219AC7128003DEA13 /* libsqlite3.dylib */ = {isa = PBXFileReference; lastKnownFileType = "compiled.mach-o.dylib"; name = libsqlite3.dylib; path = usr/lib/libsqlite3.dylib; sourceTree = SDKROOT; };
		EDEC766319AAE5EF0022670F /* ImageIO.framework */ = {isa = PBXFileReference; lastKnownFileType = wrapper.framework; name = ImageIO.framework; path = System/Library/Frameworks/ImageIO.framework; sourceTree = SDKROOT; };
		EDEC769D19AB26BA0022670F /* Victorinox.h */ = {isa = PBXFileReference; fileEncoding = 4; lastKnownFileType = sourcecode.c.h; path = Victorinox.h; sourceTree = "<group>"; };
		EDEC769E19AB26BA0022670F /* Victorinox.m */ = {isa = PBXFileReference; fileEncoding = 4; lastKnownFileType = sourcecode.c.objc; path = Victorinox.m; sourceTree = "<group>"; };
		EDEC76A019AB5F550022670F /* Reveal.framework */ = {isa = PBXFileReference; lastKnownFileType = wrapper.framework; name = Reveal.framework; path = TalkShow/ThirdParty/Reveal/Reveal.framework; sourceTree = "<group>"; };
/* End PBXFileReference section */

/* Begin PBXFrameworksBuildPhase section */
		ED66F93C19A70DC20027953A /* Frameworks */ = {
			isa = PBXFrameworksBuildPhase;
			buildActionMask = 2147483647;
			files = (
				ED73DF8319AC7128003DEA13 /* libsqlite3.dylib in Frameworks */,
				EDEC766419AAE5EF0022670F /* ImageIO.framework in Frameworks */,
				ED5442DA19A7415D004D44D3 /* QuartzCore.framework in Frameworks */,
				ED66F94519A70DC20027953A /* CoreGraphics.framework in Frameworks */,
				ED66F94719A70DC20027953A /* UIKit.framework in Frameworks */,
				ED66F94319A70DC20027953A /* Foundation.framework in Frameworks */,
				6B69F766608179F099ABA52F /* libPods.a in Frameworks */,
			);
			runOnlyForDeploymentPostprocessing = 0;
		};
		ED66F96319A70DC20027953A /* Frameworks */ = {
			isa = PBXFrameworksBuildPhase;
			buildActionMask = 2147483647;
			files = (
				ED66F96819A70DC20027953A /* XCTest.framework in Frameworks */,
				ED66F96A19A70DC20027953A /* UIKit.framework in Frameworks */,
				ED66F96919A70DC20027953A /* Foundation.framework in Frameworks */,
			);
			runOnlyForDeploymentPostprocessing = 0;
		};
/* End PBXFrameworksBuildPhase section */

/* Begin PBXGroup section */
		D2BB9FC05E01C68FA23BF2BD /* Pods */ = {
			isa = PBXGroup;
			children = (
				B167D076AB7D33A4520443AF /* Pods.debug.xcconfig */,
				C553680BED037C18AF04A534 /* Pods.release.xcconfig */,
			);
			name = Pods;
			sourceTree = "<group>";
		};
		ED0E587019AD8F4D0008C4F0 /* MLNavigation */ = {
			isa = PBXGroup;
			children = (
				ED0E587119AD8F4D0008C4F0 /* MLNavigationController.h */,
				ED0E587219AD8F4D0008C4F0 /* MLNavigationController.m */,
			);
			path = MLNavigation;
			sourceTree = "<group>";
		};
		ED1FDE581A888D01003F9C87 /* Category */ = {
			isa = PBXGroup;
			children = (
				ED1FDE5C1A889F12003F9C87 /* UIView+Common.h */,
				ED1FDE5D1A889F12003F9C87 /* UIView+Common.m */,
				ED1FDE591A888D43003F9C87 /* Button+Block.h */,
				ED1FDE5A1A888D43003F9C87 /* Button+Block.m */,
			);
			path = Category;
			sourceTree = "<group>";
		};
		ED54422E19A71107004D44D3 /* Config */ = {
			isa = PBXGroup;
			children = (
				ED54423019A71148004D44D3 /* ConstHeader.h */,
				ED54423119A71184004D44D3 /* ConfigHeader.h */,
				ED54423219A711E8004D44D3 /* IncludeFileHeader.h */,
			);
			path = Config;
			sourceTree = "<group>";
		};
		ED54426B19A71C5D004D44D3 /* BaseView */ = {
			isa = PBXGroup;
			children = (
				ED54426C19A71C72004D44D3 /* BaseViewController.h */,
				ED54426D19A71C72004D44D3 /* BaseViewController.m */,
			);
			path = BaseView;
			sourceTree = "<group>";
		};
		ED54429F19A722F1004D44D3 /* Resource */ = {
			isa = PBXGroup;
			children = (
				ED5442A019A722F1004D44D3 /* Images */,
			);
			path = Resource;
			sourceTree = "<group>";
		};
		ED5442A019A722F1004D44D3 /* Images */ = {
			isa = PBXGroup;
			children = (
				ED5442A119A722F1004D44D3 /* placeholder.png */,
			);
			path = Images;
			sourceTree = "<group>";
		};
		ED5442DB19A747C6004D44D3 /* Utility */ = {
			isa = PBXGroup;
			children = (
				ED1FDE581A888D01003F9C87 /* Category */,
				ED5442DC19A747C6004D44D3 /* Common */,
			);
			path = Utility;
			sourceTree = "<group>";
		};
		ED5442DC19A747C6004D44D3 /* Common */ = {
			isa = PBXGroup;
			children = (
				EDEC769D19AB26BA0022670F /* Victorinox.h */,
				EDEC769E19AB26BA0022670F /* Victorinox.m */,
				ED13BFEB1A1CBF07005444AA /* AFServer.h */,
				ED13BFEC1A1CBF07005444AA /* AFServer.m */,
			);
			path = Common;
			sourceTree = "<group>";
		};
		ED66F93619A70DC20027953A = {
			isa = PBXGroup;
			children = (
				ED66F94819A70DC20027953A /* TalkShow */,
				ED66F96D19A70DC20027953A /* TalkShowTests */,
				ED66F94119A70DC20027953A /* Frameworks */,
				ED66F94019A70DC20027953A /* Products */,
				D2BB9FC05E01C68FA23BF2BD /* Pods */,
			);
			sourceTree = "<group>";
		};
		ED66F94019A70DC20027953A /* Products */ = {
			isa = PBXGroup;
			children = (
				ED66F93F19A70DC20027953A /* TalkShow.app */,
				ED66F96619A70DC20027953A /* TalkShowTests.xctest */,
			);
			name = Products;
			sourceTree = "<group>";
		};
		ED66F94119A70DC20027953A /* Frameworks */ = {
			isa = PBXGroup;
			children = (
				ED73DF8219AC7128003DEA13 /* libsqlite3.dylib */,
				EDEC76A019AB5F550022670F /* Reveal.framework */,
				EDEC766319AAE5EF0022670F /* ImageIO.framework */,
				ED5442D919A7415D004D44D3 /* QuartzCore.framework */,
				ED66F94219A70DC20027953A /* Foundation.framework */,
				ED66F94419A70DC20027953A /* CoreGraphics.framework */,
				ED66F94619A70DC20027953A /* UIKit.framework */,
				ED66F96719A70DC20027953A /* XCTest.framework */,
				7F69371236C9374039E1D067 /* libPods.a */,
			);
			name = Frameworks;
			sourceTree = "<group>";
		};
		ED66F94819A70DC20027953A /* TalkShow */ = {
			isa = PBXGroup;
			children = (
				ED5442DB19A747C6004D44D3 /* Utility */,
				ED54426B19A71C5D004D44D3 /* BaseView */,
				ED54422E19A71107004D44D3 /* Config */,
				EDBDB66B19A70E9700EA757C /* ViewController */,
				EDBDB66619A70E2A00EA757C /* ThirdParty */,
				ED66F95119A70DC20027953A /* AppDelegate.h */,
				ED66F95219A70DC20027953A /* AppDelegate.m */,
				ED66F96019A70DC20027953A /* Images.xcassets */,
				ED66F94919A70DC20027953A /* Supporting Files */,
				ED54429F19A722F1004D44D3 /* Resource */,
			);
			path = TalkShow;
			sourceTree = "<group>";
		};
		ED66F94919A70DC20027953A /* Supporting Files */ = {
			isa = PBXGroup;
			children = (
				ED66F94A19A70DC20027953A /* TalkShow-Info.plist */,
				ED66F94B19A70DC20027953A /* InfoPlist.strings */,
				ED66F94E19A70DC20027953A /* main.m */,
				ED66F95019A70DC20027953A /* TalkShow-Prefix.pch */,
			);
			name = "Supporting Files";
			sourceTree = "<group>";
		};
		ED66F96D19A70DC20027953A /* TalkShowTests */ = {
			isa = PBXGroup;
			children = (
				ED66F97319A70DC20027953A /* TalkShowTests.m */,
				ED66F96E19A70DC20027953A /* Supporting Files */,
			);
			path = TalkShowTests;
			sourceTree = "<group>";
		};
		ED66F96E19A70DC20027953A /* Supporting Files */ = {
			isa = PBXGroup;
			children = (
				ED66F96F19A70DC20027953A /* TalkShowTests-Info.plist */,
				ED66F97019A70DC20027953A /* InfoPlist.strings */,
			);
			name = "Supporting Files";
			sourceTree = "<group>";
		};
		EDBDB66619A70E2A00EA757C /* ThirdParty */ = {
			isa = PBXGroup;
			children = (
				ED0E587019AD8F4D0008C4F0 /* MLNavigation */,
			);
			path = ThirdParty;
			sourceTree = "<group>";
		};
		EDBDB66B19A70E9700EA757C /* ViewController */ = {
			isa = PBXGroup;
			children = (
				ED54426F19A71C97004D44D3 /* HomeViewController.h */,
				ED54427019A71C97004D44D3 /* HomeViewController.m */,
				ED0E587A19ADC97B0008C4F0 /* VideoViewController.h */,
				ED0E587B19ADC97B0008C4F0 /* VideoViewController.m */,
				ED0E587419ADBCCB0008C4F0 /* PlayVideoViewController.h */,
				ED0E587519ADBCCB0008C4F0 /* PlayVideoViewController.m */,
			);
			path = ViewController;
			sourceTree = "<group>";
		};
/* End PBXGroup section */

/* Begin PBXNativeTarget section */
		ED66F93E19A70DC20027953A /* TalkShow */ = {
			isa = PBXNativeTarget;
			buildConfigurationList = ED66F97719A70DC20027953A /* Build configuration list for PBXNativeTarget "TalkShow" */;
			buildPhases = (
				5B5308B3DF8EBBEE6336CE84 /* Check Pods Manifest.lock */,
				ED66F93B19A70DC20027953A /* Sources */,
				ED66F93C19A70DC20027953A /* Frameworks */,
				ED66F93D19A70DC20027953A /* Resources */,
				3D08DD92AFB68BB268390E60 /* Copy Pods Resources */,
			);
			buildRules = (
			);
			dependencies = (
			);
			name = TalkShow;
			productName = TalkShow;
			productReference = ED66F93F19A70DC20027953A /* TalkShow.app */;
			productType = "com.apple.product-type.application";
		};
		ED66F96519A70DC20027953A /* TalkShowTests */ = {
			isa = PBXNativeTarget;
			buildConfigurationList = ED66F97A19A70DC20027953A /* Build configuration list for PBXNativeTarget "TalkShowTests" */;
			buildPhases = (
				ED66F96219A70DC20027953A /* Sources */,
				ED66F96319A70DC20027953A /* Frameworks */,
				ED66F96419A70DC20027953A /* Resources */,
			);
			buildRules = (
			);
			dependencies = (
				ED66F96C19A70DC20027953A /* PBXTargetDependency */,
			);
			name = TalkShowTests;
			productName = TalkShowTests;
			productReference = ED66F96619A70DC20027953A /* TalkShowTests.xctest */;
			productType = "com.apple.product-type.bundle.unit-test";
		};
/* End PBXNativeTarget section */

/* Begin PBXProject section */
		ED66F93719A70DC20027953A /* Project object */ = {
			isa = PBXProject;
			attributes = {
				LastUpgradeCheck = 0510;
				ORGANIZATIONNAME = dxd;
				TargetAttributes = {
					ED66F93E19A70DC20027953A = {
						DevelopmentTeam = E57R43Z8Z8;
					};
					ED66F96519A70DC20027953A = {
						TestTargetID = ED66F93E19A70DC20027953A;
					};
				};
			};
			buildConfigurationList = ED66F93A19A70DC20027953A /* Build configuration list for PBXProject "TalkShow" */;
			compatibilityVersion = "Xcode 3.2";
			developmentRegion = English;
			hasScannedForEncodings = 0;
			knownRegions = (
				en,
				Base,
			);
			mainGroup = ED66F93619A70DC20027953A;
			productRefGroup = ED66F94019A70DC20027953A /* Products */;
			projectDirPath = "";
			projectRoot = "";
			targets = (
				ED66F93E19A70DC20027953A /* TalkShow */,
				ED66F96519A70DC20027953A /* TalkShowTests */,
			);
		};
/* End PBXProject section */

/* Begin PBXResourcesBuildPhase section */
		ED66F93D19A70DC20027953A /* Resources */ = {
			isa = PBXResourcesBuildPhase;
			buildActionMask = 2147483647;
			files = (
				ED66F96119A70DC20027953A /* Images.xcassets in Resources */,
				ED5442A219A722F1004D44D3 /* placeholder.png in Resources */,
				ED66F94D19A70DC20027953A /* InfoPlist.strings in Resources */,
			);
			runOnlyForDeploymentPostprocessing = 0;
		};
		ED66F96419A70DC20027953A /* Resources */ = {
			isa = PBXResourcesBuildPhase;
			buildActionMask = 2147483647;
			files = (
				ED66F97219A70DC20027953A /* InfoPlist.strings in Resources */,
			);
			runOnlyForDeploymentPostprocessing = 0;
		};
/* End PBXResourcesBuildPhase section */

/* Begin PBXShellScriptBuildPhase section */
		3D08DD92AFB68BB268390E60 /* Copy Pods Resources */ = {
			isa = PBXShellScriptBuildPhase;
			buildActionMask = 2147483647;
			files = (
			);
			inputPaths = (
			);
			name = "Copy Pods Resources";
			outputPaths = (
			);
			runOnlyForDeploymentPostprocessing = 0;
			shellPath = /bin/sh;
			shellScript = "\"${SRCROOT}/Pods/Target Support Files/Pods/Pods-resources.sh\"\n";
			showEnvVarsInLog = 0;
		};
		5B5308B3DF8EBBEE6336CE84 /* Check Pods Manifest.lock */ = {
			isa = PBXShellScriptBuildPhase;
			buildActionMask = 2147483647;
			files = (
			);
			inputPaths = (
			);
			name = "Check Pods Manifest.lock";
			outputPaths = (
			);
			runOnlyForDeploymentPostprocessing = 0;
			shellPath = /bin/sh;
			shellScript = "diff \"${PODS_ROOT}/../Podfile.lock\" \"${PODS_ROOT}/Manifest.lock\" > /dev/null\nif [[ $? != 0 ]] ; then\n    cat << EOM\nerror: The sandbox is not in sync with the Podfile.lock. Run 'pod install' or update your CocoaPods installation.\nEOM\n    exit 1\nfi\n";
			showEnvVarsInLog = 0;
		};
/* End PBXShellScriptBuildPhase section */

/* Begin PBXSourcesBuildPhase section */
		ED66F93B19A70DC20027953A /* Sources */ = {
			isa = PBXSourcesBuildPhase;
			buildActionMask = 2147483647;
			files = (
				ED1FDE5B1A888D43003F9C87 /* Button+Block.m in Sources */,
				ED13BFED1A1CBF07005444AA /* AFServer.m in Sources */,
				ED66F95319A70DC20027953A /* AppDelegate.m in Sources */,
				ED66F94F19A70DC20027953A /* main.m in Sources */,
				ED0E587C19ADC97B0008C4F0 /* VideoViewController.m in Sources */,
				ED54426E19A71C72004D44D3 /* BaseViewController.m in Sources */,
				ED0E587619ADBCCB0008C4F0 /* PlayVideoViewController.m in Sources */,
				EDEC769F19AB26BA0022670F /* Victorinox.m in Sources */,
				ED1FDE5E1A889F12003F9C87 /* UIView+Common.m in Sources */,
				ED54427119A71C97004D44D3 /* HomeViewController.m in Sources */,
				ED0E587319AD8F4D0008C4F0 /* MLNavigationController.m in Sources */,
			);
			runOnlyForDeploymentPostprocessing = 0;
		};
		ED66F96219A70DC20027953A /* Sources */ = {
			isa = PBXSourcesBuildPhase;
			buildActionMask = 2147483647;
			files = (
				ED66F97419A70DC20027953A /* TalkShowTests.m in Sources */,
			);
			runOnlyForDeploymentPostprocessing = 0;
		};
/* End PBXSourcesBuildPhase section */

/* Begin PBXTargetDependency section */
		ED66F96C19A70DC20027953A /* PBXTargetDependency */ = {
			isa = PBXTargetDependency;
			target = ED66F93E19A70DC20027953A /* TalkShow */;
			targetProxy = ED66F96B19A70DC20027953A /* PBXContainerItemProxy */;
		};
/* End PBXTargetDependency section */

/* Begin PBXVariantGroup section */
		ED66F94B19A70DC20027953A /* InfoPlist.strings */ = {
			isa = PBXVariantGroup;
			children = (
				ED66F94C19A70DC20027953A /* en */,
			);
			name = InfoPlist.strings;
			sourceTree = "<group>";
		};
		ED66F97019A70DC20027953A /* InfoPlist.strings */ = {
			isa = PBXVariantGroup;
			children = (
				ED66F97119A70DC20027953A /* en */,
			);
			name = InfoPlist.strings;
			sourceTree = "<group>";
		};
/* End PBXVariantGroup section */

/* Begin XCBuildConfiguration section */
		ED66F97519A70DC20027953A /* Debug */ = {
			isa = XCBuildConfiguration;
			buildSettings = {
				ALWAYS_SEARCH_USER_PATHS = NO;
				CLANG_CXX_LANGUAGE_STANDARD = "gnu++0x";
				CLANG_CXX_LIBRARY = "libc++";
				CLANG_ENABLE_MODULES = YES;
				CLANG_ENABLE_OBJC_ARC = YES;
				CLANG_WARN_BOOL_CONVERSION = YES;
				CLANG_WARN_CONSTANT_CONVERSION = YES;
				CLANG_WARN_DIRECT_OBJC_ISA_USAGE = YES_ERROR;
				CLANG_WARN_EMPTY_BODY = YES;
				CLANG_WARN_ENUM_CONVERSION = YES;
				CLANG_WARN_INT_CONVERSION = YES;
				CLANG_WARN_OBJC_ROOT_CLASS = YES_ERROR;
				CLANG_WARN__DUPLICATE_METHOD_MATCH = YES;
				"CODE_SIGN_IDENTITY[sdk=iphoneos*]" = "iPhone Developer";
				COPY_PHASE_STRIP = NO;
				FRAMEWORK_SEARCH_PATHS = "";
				GCC_C_LANGUAGE_STANDARD = gnu99;
				GCC_DYNAMIC_NO_PIC = NO;
				GCC_OPTIMIZATION_LEVEL = 0;
				GCC_PRECOMPILE_PREFIX_HEADER = YES;
				GCC_PREFIX_HEADER = "TalkShow/TalkShow-Prefix.pch";
				GCC_PREPROCESSOR_DEFINITIONS = (
					"DEBUG=1",
					"$(inherited)",
				);
				GCC_SYMBOLS_PRIVATE_EXTERN = NO;
				GCC_WARN_64_TO_32_BIT_CONVERSION = YES;
				GCC_WARN_ABOUT_RETURN_TYPE = YES_ERROR;
				GCC_WARN_UNDECLARED_SELECTOR = YES;
				GCC_WARN_UNINITIALIZED_AUTOS = YES_AGGRESSIVE;
				GCC_WARN_UNUSED_FUNCTION = YES;
				GCC_WARN_UNUSED_VARIABLE = YES;
				HEADER_SEARCH_PATHS = (
					"$(inherited)",
					/Applications/Xcode6.1.app/Contents/Developer/Toolchains/XcodeDefault.xctoolchain/usr/include,
				);
				IPHONEOS_DEPLOYMENT_TARGET = 6.0;
				LIBRARY_SEARCH_PATHS = "";
				ONLY_ACTIVE_ARCH = YES;
				OTHER_LDFLAGS = "-ObjC";
				SDKROOT = iphoneos;
				TARGETED_DEVICE_FAMILY = "1,2";
				USER_HEADER_SEARCH_PATHS = "";
			};
			name = Debug;
		};
		ED66F97619A70DC20027953A /* Release */ = {
			isa = XCBuildConfiguration;
			buildSettings = {
				ALWAYS_SEARCH_USER_PATHS = NO;
				CLANG_CXX_LANGUAGE_STANDARD = "gnu++0x";
				CLANG_CXX_LIBRARY = "libc++";
				CLANG_ENABLE_MODULES = YES;
				CLANG_ENABLE_OBJC_ARC = YES;
				CLANG_WARN_BOOL_CONVERSION = YES;
				CLANG_WARN_CONSTANT_CONVERSION = YES;
				CLANG_WARN_DIRECT_OBJC_ISA_USAGE = YES_ERROR;
				CLANG_WARN_EMPTY_BODY = YES;
				CLANG_WARN_ENUM_CONVERSION = YES;
				CLANG_WARN_INT_CONVERSION = YES;
				CLANG_WARN_OBJC_ROOT_CLASS = YES_ERROR;
				CLANG_WARN__DUPLICATE_METHOD_MATCH = YES;
				"CODE_SIGN_IDENTITY[sdk=iphoneos*]" = "iPhone Developer";
				COPY_PHASE_STRIP = YES;
				ENABLE_NS_ASSERTIONS = NO;
				FRAMEWORK_SEARCH_PATHS = "";
				GCC_C_LANGUAGE_STANDARD = gnu99;
				GCC_PRECOMPILE_PREFIX_HEADER = YES;
				GCC_PREFIX_HEADER = "TalkShow/TalkShow-Prefix.pch";
				GCC_WARN_64_TO_32_BIT_CONVERSION = YES;
				GCC_WARN_ABOUT_RETURN_TYPE = YES_ERROR;
				GCC_WARN_UNDECLARED_SELECTOR = YES;
				GCC_WARN_UNINITIALIZED_AUTOS = YES_AGGRESSIVE;
				GCC_WARN_UNUSED_FUNCTION = YES;
				GCC_WARN_UNUSED_VARIABLE = YES;
				HEADER_SEARCH_PATHS = (
					"$(inherited)",
					/Applications/Xcode6.1.app/Contents/Developer/Toolchains/XcodeDefault.xctoolchain/usr/include,
				);
				IPHONEOS_DEPLOYMENT_TARGET = 6.0;
				LIBRARY_SEARCH_PATHS = "";
				OTHER_LDFLAGS = "-ObjC";
				SDKROOT = iphoneos;
				TARGETED_DEVICE_FAMILY = "1,2";
				USER_HEADER_SEARCH_PATHS = "";
				VALIDATE_PRODUCT = YES;
			};
			name = Release;
		};
		ED66F97819A70DC20027953A /* Debug */ = {
			isa = XCBuildConfiguration;
			baseConfigurationReference = B167D076AB7D33A4520443AF /* Pods.debug.xcconfig */;
			buildSettings = {
				ALWAYS_SEARCH_USER_PATHS = YES;
				ASSETCATALOG_COMPILER_APPICON_NAME = AppIcon;
				ASSETCATALOG_COMPILER_LAUNCHIMAGE_NAME = LaunchImage;
				CODE_SIGN_IDENTITY = "iPhone Developer";
				FRAMEWORK_SEARCH_PATHS = "";
				GCC_PRECOMPILE_PREFIX_HEADER = YES;
				GCC_PREFIX_HEADER = "TalkShow/TalkShow-Prefix.pch";
				HEADER_SEARCH_PATHS = (
					"\"${PODS_ROOT}/Headers/Public\"",
					"\"${PODS_ROOT}/Headers/Public/AFNetworking\"",
					"\"${PODS_ROOT}/Headers/Public/CRGradientNavigationBar\"",
					"\"${PODS_ROOT}/Headers/Public/FMDB\"",
					"\"${PODS_ROOT}/Headers/Public/MBProgressHUD\"",
					"\"${PODS_ROOT}/Headers/Public/Reachability\"",
					"\"${PODS_ROOT}/Headers/Public/SDWebImage\"",
					"\"${PODS_ROOT}/Headers/Public/SVPullToRefresh\"",
				);
				INFOPLIST_FILE = "TalkShow/TalkShow-Info.plist";
				IPHONEOS_DEPLOYMENT_TARGET = 6.0;
				LIBRARY_SEARCH_PATHS = "$(inherited)";
				OTHER_LDFLAGS = "$(inherited)";
				PRODUCT_NAME = "$(TARGET_NAME)";
				USER_HEADER_SEARCH_PATHS = "\"${PODS_ROOT}/Headers\"/**";
				WRAPPER_EXTENSION = app;
			};
			name = Debug;
		};
		ED66F97919A70DC20027953A /* Release */ = {
			isa = XCBuildConfiguration;
			baseConfigurationReference = C553680BED037C18AF04A534 /* Pods.release.xcconfig */;
			buildSettings = {
				ALWAYS_SEARCH_USER_PATHS = YES;
				ASSETCATALOG_COMPILER_APPICON_NAME = AppIcon;
				ASSETCATALOG_COMPILER_LAUNCHIMAGE_NAME = LaunchImage;
				CODE_SIGN_IDENTITY = "iPhone Developer";
				FRAMEWORK_SEARCH_PATHS = "";
				GCC_PRECOMPILE_PREFIX_HEADER = YES;
				GCC_PREFIX_HEADER = "TalkShow/TalkShow-Prefix.pch";
				HEADER_SEARCH_PATHS = (
					"\"${PODS_ROOT}/Headers/Public\"",
					"\"${PODS_ROOT}/Headers/Public/AFNetworking\"",
					"\"${PODS_ROOT}/Headers/Public/CRGradientNavigationBar\"",
					"\"${PODS_ROOT}/Headers/Public/FMDB\"",
					"\"${PODS_ROOT}/Headers/Public/MBProgressHUD\"",
					"\"${PODS_ROOT}/Headers/Public/Reachability\"",
					"\"${PODS_ROOT}/Headers/Public/SDWebImage\"",
					"\"${PODS_ROOT}/Headers/Public/SVPullToRefresh\"",
				);
				INFOPLIST_FILE = "TalkShow/TalkShow-Info.plist";
				IPHONEOS_DEPLOYMENT_TARGET = 6.0;
				LIBRARY_SEARCH_PATHS = "$(inherited)";
				OTHER_LDFLAGS = "$(inherited)";
				PRODUCT_NAME = "$(TARGET_NAME)";
				USER_HEADER_SEARCH_PATHS = "\"${PODS_ROOT}/Headers\"/**";
				WRAPPER_EXTENSION = app;
			};
			name = Release;
		};
		ED66F97B19A70DC20027953A /* Debug */ = {
			isa = XCBuildConfiguration;
			buildSettings = {
				BUNDLE_LOADER = "$(BUILT_PRODUCTS_DIR)/TalkShow.app/TalkShow";
				FRAMEWORK_SEARCH_PATHS = (
					"$(SDKROOT)/Developer/Library/Frameworks",
					"$(inherited)",
					"$(DEVELOPER_FRAMEWORKS_DIR)",
				);
				GCC_PRECOMPILE_PREFIX_HEADER = YES;
				GCC_PREFIX_HEADER = "TalkShow/TalkShow-Prefix.pch";
				GCC_PREPROCESSOR_DEFINITIONS = (
					"DEBUG=1",
					"$(inherited)",
				);
				INFOPLIST_FILE = "TalkShowTests/TalkShowTests-Info.plist";
				PRODUCT_NAME = "$(TARGET_NAME)";
				TEST_HOST = "$(BUNDLE_LOADER)";
				WRAPPER_EXTENSION = xctest;
			};
			name = Debug;
		};
		ED66F97C19A70DC20027953A /* Release */ = {
			isa = XCBuildConfiguration;
			buildSettings = {
				BUNDLE_LOADER = "$(BUILT_PRODUCTS_DIR)/TalkShow.app/TalkShow";
				FRAMEWORK_SEARCH_PATHS = (
					"$(SDKROOT)/Developer/Library/Frameworks",
					"$(inherited)",
					"$(DEVELOPER_FRAMEWORKS_DIR)",
				);
				GCC_PRECOMPILE_PREFIX_HEADER = YES;
				GCC_PREFIX_HEADER = "TalkShow/TalkShow-Prefix.pch";
				INFOPLIST_FILE = "TalkShowTests/TalkShowTests-Info.plist";
				PRODUCT_NAME = "$(TARGET_NAME)";
				TEST_HOST = "$(BUNDLE_LOADER)";
				WRAPPER_EXTENSION = xctest;
			};
			name = Release;
		};
/* End XCBuildConfiguration section */

/* Begin XCConfigurationList section */
		ED66F93A19A70DC20027953A /* Build configuration list for PBXProject "TalkShow" */ = {
			isa = XCConfigurationList;
			buildConfigurations = (
				ED66F97519A70DC20027953A /* Debug */,
				ED66F97619A70DC20027953A /* Release */,
			);
			defaultConfigurationIsVisible = 0;
			defaultConfigurationName = Release;
		};
		ED66F97719A70DC20027953A /* Build configuration list for PBXNativeTarget "TalkShow" */ = {
			isa = XCConfigurationList;
			buildConfigurations = (
				ED66F97819A70DC20027953A /* Debug */,
				ED66F97919A70DC20027953A /* Release */,
			);
			defaultConfigurationIsVisible = 0;
			defaultConfigurationName = Release;
		};
		ED66F97A19A70DC20027953A /* Build configuration list for PBXNativeTarget "TalkShowTests" */ = {
			isa = XCConfigurationList;
			buildConfigurations = (
				ED66F97B19A70DC20027953A /* Debug */,
				ED66F97C19A70DC20027953A /* Release */,
			);
			defaultConfigurationIsVisible = 0;
			defaultConfigurationName = Release;
		};
/* End XCConfigurationList section */
	};
	rootObject = ED66F93719A70DC20027953A /* Project object */;
}
